
Microsoft Visual Studio Solution File, Format Version 12.00
Project("{F2A71F9B-5D33-465A-A702-920D77279786}") = "AdventOfCode2019.Day01", "AdventOfCode2019.Day01\AdventOfCode2019.Day01.fsproj", "{B417B580-E7F8-46A8-B53C-00D5CA673EE8}"
EndProject
Project("{F2A71F9B-5D33-465A-A702-920D77279786}") = "AdventOfCode2019.Day02", "AdventOfCode2019.Day02\AdventOfCode2019.Day02.fsproj", "{B417B580-E7F8-46A8-B53C-00D5CA673EE8}"
EndProject
Project("{F2A71F9B-5D33-465A-A702-920D77279786}") = "AdventOfCode2019.Day02.Part2", "AdventOfCode2019.Day02.Part2\AdventOfCode2019.Day02.Part2.fsproj", "{B417B580-E7F8-46A8-B53C-00D5CA673EE8}"
EndProject
Project("{F2A71F9B-5D33-465A-A702-920D77279786}") = "AdventOfCode2019.Day03", "AdventOfCode2019.Day03\AdventOfCode2019.Day03.fsproj", "{B417B580-E7F8-46A8-B53C-00D5CA673EE8}"
EndProject
Project("{F2A71F9B-5D33-465A-A702-920D77279786}") = "AdventOfCode2019.Day04", "AdventOfCode2019.Day04\AdventOfCode2019.Day04.fsproj", "{B417B580-E7F8-46A8-B53C-00D5CA673EE8}"
EndProject
Project("{F2A71F9B-5D33-465A-A702-920D77279786}") = "AdventOfCode2019.Day05", "AdventOfCode2019.Day05\AdventOfCode2019.Day05.fsproj", "{B417B580-E7F8-46A8-B53C-00D5CA673EE8}"
EndProject
Project("{F2A71F9B-5D33-465A-A702-920D77279786}") = "AdventOfCode2019.Day06", "AdventOfCode2019.Day06\AdventOfCode2019.Day06.fsproj", "{B417B580-E7F8-46A8-B53C-00D5CA673EE8}"
EndProject
Project("{F2A71F9B-5D33-465A-A702-920D77279786}") = "AdventOfCode2019.Day07", "AdventOfCode2019.Day07\AdventOfCode2019.Day07.fsproj", "{B417B580-E7F8-46A8-B53C-00D5CA673EE8}"
EndProject
Project("{F2A71F9B-5D33-465A-A702-920D77279786}") = "AdventOfCode2019.Day08", "AdventOfCode2019.Day08\AdventOfCode2019.Day08.fsproj", "{B417B580-E7F8-46A8-B53C-00D5CA673EE8}"
EndProject
Project("{F2A71F9B-5D33-465A-A702-920D77279786}") = "AdventOfCode2019.Day09", "AdventOfCode2019.Day09\AdventOfCode2019.Day09.fsproj", "{B417B580-E7F8-46A8-B53C-00D5CA673EE8}"
EndProject
Project("{F2A71F9B-5D33-465A-A702-920D77279786}") = "AdventOfCode2019.Day10", "AdventOfCode2019.Day10\AdventOfCode2019.Day10.fsproj", "{B417B580-E7F8-46A8-B53C-00D5CA673EE8}"
EndProject
Project("{F2A71F9B-5D33-465A-A702-920D77279786}") = "AdventOfCode2019.Day11", "AdventOfCode2019.Day11\AdventOfCode2019.Day11.fsproj", "{B417B580-E7F8-46A8-B53C-00D5CA673EE8}"
EndProject
Project("{F2A71F9B-5D33-465A-A702-920D77279786}") = "AdventOfCode2019.Day12", "AdventOfCode2019.Day12\AdventOfCode2019.Day12.fsproj", "{B417B580-E7F8-46A8-B53C-00D5CA673EE8}"
EndProject
Project("{F2A71F9B-5D33-465A-A702-920D77279786}") = "AdventOfCode2019.Day13", "AdventOfCode2019.Day13\AdventOfCode2019.Day13.fsproj", "{B417B580-E7F8-46A8-B53C-00D5CA673EE8}"
EndProject
Project("{F2A71F9B-5D33-465A-A702-920D77279786}") = "AdventOfCode2019.Day14", "AdventOfCode2019.Day14\AdventOfCode2019.Day14.fsproj", "{B417B580-E7F8-46A8-B53C-00D5CA673EE8}"
EndProject
Project("{F2A71F9B-5D33-465A-A702-920D77279786}") = "AdventOfCode2019.Day15", "AdventOfCode2019.Day15\AdventOfCode2019.Day15.fsproj", "{B417B580-E7F8-46A8-B53C-00D5CA673EE8}"
EndProject
Project("{F2A71F9B-5D33-465A-A702-920D77279786}") = "AdventOfCode2019.Day16", "AdventOfCode2019.Day16\AdventOfCode2019.Day16.fsproj", "{B417B580-E7F8-46A8-B53C-00D5CA673EE8}"
EndProject
Project("{F2A71F9B-5D33-465A-A702-920D77279786}") = "AdventOfCode2019.Day17", "AdventOfCode2019.Day17\AdventOfCode2019.Day17.fsproj", "{B417B580-E7F8-46A8-B53C-00D5CA673EE8}"
EndProject
Project("{F2A71F9B-5D33-465A-A702-920D77279786}") = "AdventOfCode2019.Day18", "AdventOfCode2019.Day18\AdventOfCode2019.Day18.fsproj", "{B417B580-E7F8-46A8-B53C-00D5CA673EE8}"
EndProject
Project("{F2A71F9B-5D33-465A-A702-920D77279786}") = "AdventOfCode2019.Day19", "AdventOfCode2019.Day19\AdventOfCode2019.Day19.fsproj", "{B417B580-E7F8-46A8-B53C-00D5CA673EE8}"
EndProject
Project("{F2A71F9B-5D33-465A-A702-920D77279786}") = "AdventOfCode2019.Day20", "AdventOfCode2019.Day20\AdventOfCode2019.Day20.fsproj", "{B417B580-E7F8-46A8-B53C-00D5CA673EE8}"
EndProject
Project("{F2A71F9B-5D33-465A-A702-920D77279786}") = "AdventOfCode2019.Day21", "AdventOfCode2019.Day21\AdventOfCode2019.Day21.fsproj", "{B417B580-E7F8-46A8-B53C-00D5CA673EE8}"
EndProject
Project("{F2A71F9B-5D33-465A-A702-920D77279786}") = "AdventOfCode2019.Day22", "AdventOfCode2019.Day22\AdventOfCode2019.Day22.fsproj", "{B417B580-E7F8-46A8-B53C-00D5CA673EE8}"
EndProject
Project("{F2A71F9B-5D33-465A-A702-920D77279786}") = "AdventOfCode2019.Day23", "AdventOfCode2019.Day23\AdventOfCode2019.Day23.fsproj", "{B417B580-E7F8-46A8-B53C-00D5CA673EE8}"
EndProject
Project("{F2A71F9B-5D33-465A-A702-920D77279786}") = "AdventOfCode2019.Day24", "AdventOfCode2019.Day24\AdventOfCode2019.Day24.fsproj", "{B417B580-E7F8-46A8-B53C-00D5CA673EE8}"
EndProject
Project("{F2A71F9B-5D33-465A-A702-920D77279786}") = "AdventOfCode2019.Day25", "AdventOfCode2019.Day25\AdventOfCode2019.Day25.fsproj", "{B417B580-E7F8-46A8-B53C-00D5CA673EE8}"
EndProject
Project("{F2A71F9B-5D33-465A-A702-920D77279786}") = "IntcodeComputer", "IntcodeComputer\IntcodeComputer.fsproj", "{D974A7C9-1846-4DA1-876D-58D68CC1C8E6}"
EndProject
Global
	GlobalSection(SolutionConfigurationPlatforms) = preSolution
		Debug|Any CPU = Debug|Any CPU
		Release|Any CPU = Release|Any CPU
	EndGlobalSection
	GlobalSection(ProjectConfigurationPlatforms) = postSolution
		{B417B580-E7F8-46A8-B53C-00D5CA673EE8}.Debug|Any CPU.ActiveCfg = Debug|Any CPU
		{B417B580-E7F8-46A8-B53C-00D5CA673EE8}.Debug|Any CPU.Build.0 = Debug|Any CPU
		{B417B580-E7F8-46A8-B53C-00D5CA673EE8}.Release|Any CPU.ActiveCfg = Release|Any CPU
		{B417B580-E7F8-46A8-B53C-00D5CA673EE8}.Release|Any CPU.Build.0 = Release|Any CPU
		{D974A7C9-1846-4DA1-876D-58D68CC1C8E6}.Debug|Any CPU.ActiveCfg = Debug|Any CPU
		{D974A7C9-1846-4DA1-876D-58D68CC1C8E6}.Debug|Any CPU.Build.0 = Debug|Any CPU
		{D974A7C9-1846-4DA1-876D-58D68CC1C8E6}.Release|Any CPU.ActiveCfg = Release|Any CPU
		{D974A7C9-1846-4DA1-876D-58D68CC1C8E6}.Release|Any CPU.Build.0 = Release|Any CPU
	EndGlobalSection
EndGlobal
